// !$*UTF8*$!
{
	archiveVersion = 1;
	classes = {
	};
	objectVersion = 55;
	objects = {

/* Begin PBXBuildFile section */
		DEA9D63228E6049200D44090 /* AppDelegate.swift in Sources */ = {isa = PBXBuildFile; fileRef = DEA9D63128E6049200D44090 /* AppDelegate.swift */; };
		DEA9D63428E6049200D44090 /* SceneDelegate.swift in Sources */ = {isa = PBXBuildFile; fileRef = DEA9D63328E6049200D44090 /* SceneDelegate.swift */; };
		DEA9D63628E6049200D44090 /* ViewController.swift in Sources */ = {isa = PBXBuildFile; fileRef = DEA9D63528E6049200D44090 /* ViewController.swift */; };
		DEA9D63B28E6049600D44090 /* Assets.xcassets in Resources */ = {isa = PBXBuildFile; fileRef = DEA9D63A28E6049600D44090 /* Assets.xcassets */; };
		DEA9D63E28E6049600D44090 /* LaunchScreen.storyboard in Resources */ = {isa = PBXBuildFile; fileRef = DEA9D63C28E6049600D44090 /* LaunchScreen.storyboard */; };
		DEB2B80D28EB3E9600D7A81F /* rock.mp3 in Resources */ = {isa = PBXBuildFile; fileRef = DEB2B80A28EB3E9500D7A81F /* rock.mp3 */; };
		DEB2B80E28EB3E9600D7A81F /* rap.mp3 in Resources */ = {isa = PBXBuildFile; fileRef = DEB2B80B28EB3E9500D7A81F /* rap.mp3 */; };
		DEB2B80F28EB3E9600D7A81F /* memories.mp3 in Resources */ = {isa = PBXBuildFile; fileRef = DEB2B80C28EB3E9600D7A81F /* memories.mp3 */; };
		DEB2B81428EB3F4300D7A81F /* Song.swift in Sources */ = {isa = PBXBuildFile; fileRef = DEB2B81328EB3F4300D7A81F /* Song.swift */; };
		DEB2B81628EB3F9400D7A81F /* Album.swift in Sources */ = {isa = PBXBuildFile; fileRef = DEB2B81528EB3F9300D7A81F /* Album.swift */; };
		DEB2B81928EDCBE100D7A81F /* AlbumTableViewCell.swift in Sources */ = {isa = PBXBuildFile; fileRef = DEB2B81828EDCBE100D7A81F /* AlbumTableViewCell.swift */; };
		DEB2B81B28EDE04A00D7A81F /* MediaPlayer.swift in Sources */ = {isa = PBXBuildFile; fileRef = DEB2B81A28EDE04A00D7A81F /* MediaPlayer.swift */; };
		DEB2B81D28EEFA4800D7A81F /* MusicPlayerViewController.swift in Sources */ = {isa = PBXBuildFile; fileRef = DEB2B81C28EEFA4800D7A81F /* MusicPlayerViewController.swift */; };
/* End PBXBuildFile section */

/* Begin PBXFileReference section */
		DEA9D62E28E6049200D44090 /* MusicPlayer.app */ = {isa = PBXFileReference; explicitFileType = wrapper.application; includeInIndex = 0; path = MusicPlayer.app; sourceTree = BUILT_PRODUCTS_DIR; };
		DEA9D63128E6049200D44090 /* AppDelegate.swift */ = {isa = PBXFileReference; lastKnownFileType = sourcecode.swift; path = AppDelegate.swift; sourceTree = "<group>"; };
		DEA9D63328E6049200D44090 /* SceneDelegate.swift */ = {isa = PBXFileReference; lastKnownFileType = sourcecode.swift; path = SceneDelegate.swift; sourceTree = "<group>"; };
		DEA9D63528E6049200D44090 /* ViewController.swift */ = {isa = PBXFileReference; lastKnownFileType = sourcecode.swift; path = ViewController.swift; sourceTree = "<group>"; };
		DEA9D63A28E6049600D44090 /* Assets.xcassets */ = {isa = PBXFileReference; lastKnownFileType = folder.assetcatalog; path = Assets.xcassets; sourceTree = "<group>"; };
		DEA9D63D28E6049600D44090 /* Base */ = {isa = PBXFileReference; lastKnownFileType = file.storyboard; name = Base; path = Base.lproj/LaunchScreen.storyboard; sourceTree = "<group>"; };
		DEA9D63F28E6049600D44090 /* Info.plist */ = {isa = PBXFileReference; lastKnownFileType = text.plist.xml; path = Info.plist; sourceTree = "<group>"; };
		DEB2B80A28EB3E9500D7A81F /* rock.mp3 */ = {isa = PBXFileReference; lastKnownFileType = audio.mp3; path = rock.mp3; sourceTree = "<group>"; };
		DEB2B80B28EB3E9500D7A81F /* rap.mp3 */ = {isa = PBXFileReference; lastKnownFileType = audio.mp3; path = rap.mp3; sourceTree = "<group>"; };
		DEB2B80C28EB3E9600D7A81F /* memories.mp3 */ = {isa = PBXFileReference; lastKnownFileType = audio.mp3; path = memories.mp3; sourceTree = "<group>"; };
		DEB2B81328EB3F4300D7A81F /* Song.swift */ = {isa = PBXFileReference; lastKnownFileType = sourcecode.swift; path = Song.swift; sourceTree = "<group>"; };
		DEB2B81528EB3F9300D7A81F /* Album.swift */ = {isa = PBXFileReference; lastKnownFileType = sourcecode.swift; path = Album.swift; sourceTree = "<group>"; };
		DEB2B81828EDCBE100D7A81F /* AlbumTableViewCell.swift */ = {isa = PBXFileReference; lastKnownFileType = sourcecode.swift; path = AlbumTableViewCell.swift; sourceTree = "<group>"; };
		DEB2B81A28EDE04A00D7A81F /* MediaPlayer.swift */ = {isa = PBXFileReference; lastKnownFileType = sourcecode.swift; path = MediaPlayer.swift; sourceTree = "<group>"; };
		DEB2B81C28EEFA4800D7A81F /* MusicPlayerViewController.swift */ = {isa = PBXFileReference; lastKnownFileType = sourcecode.swift; path = MusicPlayerViewController.swift; sourceTree = "<group>"; };
/* End PBXFileReference section */

/* Begin PBXFrameworksBuildPhase section */
		DEA9D62B28E6049200D44090 /* Frameworks */ = {
			isa = PBXFrameworksBuildPhase;
			buildActionMask = 2147483647;
			files = (
			);
			runOnlyForDeploymentPostprocessing = 0;
		};
/* End PBXFrameworksBuildPhase section */

/* Begin PBXGroup section */
		DEA9D62528E6049200D44090 = {
			isa = PBXGroup;
			children = (
				DEA9D63028E6049200D44090 /* MusicPlayer */,
				DEA9D62F28E6049200D44090 /* Products */,
			);
			sourceTree = "<group>";
		};
		DEA9D62F28E6049200D44090 /* Products */ = {
			isa = PBXGroup;
			children = (
				DEA9D62E28E6049200D44090 /* MusicPlayer.app */,
			);
			name = Products;
			sourceTree = "<group>";
		};
		DEA9D63028E6049200D44090 /* MusicPlayer */ = {
			isa = PBXGroup;
			children = (
				DEA9D63128E6049200D44090 /* AppDelegate.swift */,
				DEA9D63328E6049200D44090 /* SceneDelegate.swift */,
				DEB2B81728EDC6CC00D7A81F /* Views */,
				DEB2B81228EB3F2F00D7A81F /* Models */,
				DEA9D63528E6049200D44090 /* ViewController.swift */,
				DEA9D63A28E6049600D44090 /* Assets.xcassets */,
				DEA9D63C28E6049600D44090 /* LaunchScreen.storyboard */,
				DEA9D63F28E6049600D44090 /* Info.plist */,
				DEB2B81128EB3EC100D7A81F /* Music */,
			);
			path = MusicPlayer;
			sourceTree = "<group>";
		};
		DEB2B81128EB3EC100D7A81F /* Music */ = {
			isa = PBXGroup;
			children = (
				DEB2B80C28EB3E9600D7A81F /* memories.mp3 */,
				DEB2B80B28EB3E9500D7A81F /* rap.mp3 */,
				DEB2B80A28EB3E9500D7A81F /* rock.mp3 */,
			);
			path = Music;
			sourceTree = "<group>";
		};
		DEB2B81228EB3F2F00D7A81F /* Models */ = {
			isa = PBXGroup;
			children = (
				DEB2B81328EB3F4300D7A81F /* Song.swift */,
				DEB2B81528EB3F9300D7A81F /* Album.swift */,
			);
			path = Models;
			sourceTree = "<group>";
		};
		DEB2B81728EDC6CC00D7A81F /* Views */ = {
			isa = PBXGroup;
			children = (
				DEB2B81828EDCBE100D7A81F /* AlbumTableViewCell.swift */,
				DEB2B81A28EDE04A00D7A81F /* MediaPlayer.swift */,
				DEB2B81C28EEFA4800D7A81F /* MusicPlayerViewController.swift */,
			);
			path = Views;
			sourceTree = "<group>";
		};
/* End PBXGroup section */

/* Begin PBXNativeTarget section */
		DEA9D62D28E6049200D44090 /* MusicPlayer */ = {
			isa = PBXNativeTarget;
			buildConfigurationList = DEA9D64228E6049600D44090 /* Build configuration list for PBXNativeTarget "MusicPlayer" */;
			buildPhases = (
				DEA9D62A28E6049200D44090 /* Sources */,
				DEA9D62B28E6049200D44090 /* Frameworks */,
				DEA9D62C28E6049200D44090 /* Resources */,
			);
			buildRules = (
			);
			dependencies = (
			);
			name = MusicPlayer;
			productName = MusicPlayer;
			productReference = DEA9D62E28E6049200D44090 /* MusicPlayer.app */;
			productType = "com.apple.product-type.application";
		};
/* End PBXNativeTarget section */

/* Begin PBXProject section */
		DEA9D62628E6049200D44090 /* Project object */ = {
			isa = PBXProject;
			attributes = {
				BuildIndependentTargetsInParallel = 1;
				LastSwiftUpdateCheck = 1340;
				LastUpgradeCheck = 1340;
				TargetAttributes = {
					DEA9D62D28E6049200D44090 = {
						CreatedOnToolsVersion = 13.4.1;
					};
				};
			};
			buildConfigurationList = DEA9D62928E6049200D44090 /* Build configuration list for PBXProject "MusicPlayer" */;
			compatibilityVersion = "Xcode 13.0";
			developmentRegion = en;
			hasScannedForEncodings = 0;
			knownRegions = (
				en,
				Base,
			);
			mainGroup = DEA9D62528E6049200D44090;
			productRefGroup = DEA9D62F28E6049200D44090 /* Products */;
			projectDirPath = "";
			projectRoot = "";
			targets = (
				DEA9D62D28E6049200D44090 /* MusicPlayer */,
			);
		};
/* End PBXProject section */

/* Begin PBXResourcesBuildPhase section */
		DEA9D62C28E6049200D44090 /* Resources */ = {
			isa = PBXResourcesBuildPhase;
			buildActionMask = 2147483647;
			files = (
				DEB2B80E28EB3E9600D7A81F /* rap.mp3 in Resources */,
				DEA9D63E28E6049600D44090 /* LaunchScreen.storyboard in Resources */,
				DEA9D63B28E6049600D44090 /* Assets.xcassets in Resources */,
				DEB2B80F28EB3E9600D7A81F /* memories.mp3 in Resources */,
				DEB2B80D28EB3E9600D7A81F /* rock.mp3 in Resources */,
			);
			runOnlyForDeploymentPostprocessing = 0;
		};
/* End PBXResourcesBuildPhase section */

/* Begin PBXSourcesBuildPhase section */
		DEA9D62A28E6049200D44090 /* Sources */ = {
			isa = PBXSourcesBuildPhase;
			buildActionMask = 2147483647;
			files = (
				DEB2B81428EB3F4300D7A81F /* Song.swift in Sources */,
				DEB2B81B28EDE04A00D7A81F /* MediaPlayer.swift in Sources */,
				DEA9D63628E6049200D44090 /* ViewController.swift in Sources */,
				DEA9D63228E6049200D44090 /* AppDelegate.swift in Sources */,
				DEA9D63428E6049200D44090 /* SceneDelegate.swift in Sources */,
				DEB2B81628EB3F9400D7A81F /* Album.swift in Sources */,
				DEB2B81928EDCBE100D7A81F /* AlbumTableViewCell.swift in Sources */,
				DEB2B81D28EEFA4800D7A81F /* MusicPlayerViewController.swift in Sources */,
			);
			runOnlyForDeploymentPostprocessing = 0;
		};
/* End PBXSourcesBuildPhase section */

/* Begin PBXVariantGroup section */
		DEA9D63C28E6049600D44090 /* LaunchScreen.storyboard */ = {
			isa = PBXVariantGroup;
			children = (
				DEA9D63D28E6049600D44090 /* Base */,
			);
			name = LaunchScreen.storyboard;
			sourceTree = "<group>";
		};
/* End PBXVariantGroup section */

/* Begin XCBuildConfiguration section */
		DEA9D64028E6049600D44090 /* Debug */ = {
			isa = XCBuildConfiguration;
			buildSettings = {
				ALWAYS_SEARCH_USER_PATHS = NO;
				CLANG_ANALYZER_NONNULL = YES;
				CLANG_ANALYZER_NUMBER_OBJECT_CONVERSION = YES_AGGRESSIVE;
				CLANG_CXX_LANGUAGE_STANDARD = "gnu++17";
				CLANG_ENABLE_MODULES = YES;
				CLANG_ENABLE_OBJC_ARC = YES;
				CLANG_ENABLE_OBJC_WEAK = YES;
				CLANG_WARN_BLOCK_CAPTURE_AUTORELEASING = YES;
				CLANG_WARN_BOOL_CONVERSION = YES;
				CLANG_WARN_COMMA = YES;
				CLANG_WARN_CONSTANT_CONVERSION = YES;
				CLANG_WARN_DEPRECATED_OBJC_IMPLEMENTATIONS = YES;
				CLANG_WARN_DIRECT_OBJC_ISA_USAGE = YES_ERROR;
				CLANG_WARN_DOCUMENTATION_COMMENTS = YES;
				CLANG_WARN_EMPTY_BODY = YES;
				CLANG_WARN_ENUM_CONVERSION = YES;
				CLANG_WARN_INFINITE_RECURSION = YES;
				CLANG_WARN_INT_CONVERSION = YES;
				CLANG_WARN_NON_LITERAL_NULL_CONVERSION = YES;
				CLANG_WARN_OBJC_IMPLICIT_RETAIN_SELF = YES;
				CLANG_WARN_OBJC_LITERAL_CONVERSION = YES;
				CLANG_WARN_OBJC_ROOT_CLASS = YES_ERROR;
				CLANG_WARN_QUOTED_INCLUDE_IN_FRAMEWORK_HEADER = YES;
				CLANG_WARN_RANGE_LOOP_ANALYSIS = YES;
				CLANG_WARN_STRICT_PROTOTYPES = YES;
				CLANG_WARN_SUSPICIOUS_MOVE = YES;
				CLANG_WARN_UNGUARDED_AVAILABILITY = YES_AGGRESSIVE;
				CLANG_WARN_UNREACHABLE_CODE = YES;
				CLANG_WARN__DUPLICATE_METHOD_MATCH = YES;
				COPY_PHASE_STRIP = NO;
				DEBUG_INFORMATION_FORMAT = dwarf;
				ENABLE_STRICT_OBJC_MSGSEND = YES;
				ENABLE_TESTABILITY = YES;
				GCC_C_LANGUAGE_STANDARD = gnu11;
				GCC_DYNAMIC_NO_PIC = NO;
				GCC_NO_COMMON_BLOCKS = YES;
				GCC_OPTIMIZATION_LEVEL = 0;
				GCC_PREPROCESSOR_DEFINITIONS = (
					"DEBUG=1",
					"$(inherited)",
				);
				GCC_WARN_64_TO_32_BIT_CONVERSION = YES;
				GCC_WARN_ABOUT_RETURN_TYPE = YES_ERROR;
				GCC_WARN_UNDECLARED_SELECTOR = YES;
				GCC_WARN_UNINITIALIZED_AUTOS = YES_AGGRESSIVE;
				GCC_WARN_UNUSED_FUNCTION = YES;
				GCC_WARN_UNUSED_VARIABLE = YES;
				IPHONEOS_DEPLOYMENT_TARGET = 15.5;
				MTL_ENABLE_DEBUG_INFO = INCLUDE_SOURCE;
				MTL_FAST_MATH = YES;
				ONLY_ACTIVE_ARCH = YES;
				SDKROOT = iphoneos;
				SWIFT_ACTIVE_COMPILATION_CONDITIONS = DEBUG;
				SWIFT_OPTIMIZATION_LEVEL = "-Onone";
			};
			name = Debug;
		};
		DEA9D64128E6049600D44090 /* Release */ = {
			isa = XCBuildConfiguration;
			buildSettings = {
				ALWAYS_SEARCH_USER_PATHS = NO;
				CLANG_ANALYZER_NONNULL = YES;
				CLANG_ANALYZER_NUMBER_OBJECT_CONVERSION = YES_AGGRESSIVE;
				CLANG_CXX_LANGUAGE_STANDARD = "gnu++17";
				CLANG_ENABLE_MODULES = YES;
				CLANG_ENABLE_OBJC_ARC = YES;
				CLANG_ENABLE_OBJC_WEAK = YES;
				CLANG_WARN_BLOCK_CAPTURE_AUTORELEASING = YES;
				CLANG_WARN_BOOL_CONVERSION = YES;
				CLANG_WARN_COMMA = YES;
				CLANG_WARN_CONSTANT_CONVERSION = YES;
				CLANG_WARN_DEPRECATED_OBJC_IMPLEMENTATIONS = YES;
				CLANG_WARN_DIRECT_OBJC_ISA_USAGE = YES_ERROR;
				CLANG_WARN_DOCUMENTATION_COMMENTS = YES;
				CLANG_WARN_EMPTY_BODY = YES;
				CLANG_WARN_ENUM_CONVERSION = YES;
				CLANG_WARN_INFINITE_RECURSION = YES;
				CLANG_WARN_INT_CONVERSION = YES;
				CLANG_WARN_NON_LITERAL_NULL_CONVERSION = YES;
				CLANG_WARN_OBJC_IMPLICIT_RETAIN_SELF = YES;
				CLANG_WARN_OBJC_LITERAL_CONVERSION = YES;
				CLANG_WARN_OBJC_ROOT_CLASS = YES_ERROR;
				CLANG_WARN_QUOTED_INCLUDE_IN_FRAMEWORK_HEADER = YES;
				CLANG_WARN_RANGE_LOOP_ANALYSIS = YES;
				CLANG_WARN_STRICT_PROTOTYPES = YES;
				CLANG_WARN_SUSPICIOUS_MOVE = YES;
				CLANG_WARN_UNGUARDED_AVAILABILITY = YES_AGGRESSIVE;
				CLANG_WARN_UNREACHABLE_CODE = YES;
				CLANG_WARN__DUPLICATE_METHOD_MATCH = YES;
				COPY_PHASE_STRIP = NO;
				DEBUG_INFORMATION_FORMAT = "dwarf-with-dsym";
				ENABLE_NS_ASSERTIONS = NO;
				ENABLE_STRICT_OBJC_MSGSEND = YES;
				GCC_C_LANGUAGE_STANDARD = gnu11;
				GCC_NO_COMMON_BLOCKS = YES;
				GCC_WARN_64_TO_32_BIT_CONVERSION = YES;
				GCC_WARN_ABOUT_RETURN_TYPE = YES_ERROR;
				GCC_WARN_UNDECLARED_SELECTOR = YES;
				GCC_WARN_UNINITIALIZED_AUTOS = YES_AGGRESSIVE;
				GCC_WARN_UNUSED_FUNCTION = YES;
				GCC_WARN_UNUSED_VARIABLE = YES;
				IPHONEOS_DEPLOYMENT_TARGET = 15.5;
				MTL_ENABLE_DEBUG_INFO = NO;
				MTL_FAST_MATH = YES;
				SDKROOT = iphoneos;
				SWIFT_COMPILATION_MODE = wholemodule;
				SWIFT_OPTIMIZATION_LEVEL = "-O";
				VALIDATE_PRODUCT = YES;
			};
			name = Release;
		};
		DEA9D64328E6049600D44090 /* Debug */ = {
			isa = XCBuildConfiguration;
			buildSettings = {
				ASSETCATALOG_COMPILER_APPICON_NAME = AppIcon;
				ASSETCATALOG_COMPILER_GLOBAL_ACCENT_COLOR_NAME = AccentColor;
				CODE_SIGN_STYLE = Automatic;
				CURRENT_PROJECT_VERSION = 1;
				DEVELOPMENT_TEAM = KX5APJYJLU;
				GENERATE_INFOPLIST_FILE = YES;
				INFOPLIST_FILE = MusicPlayer/Info.plist;
				INFOPLIST_KEY_UIApplicationSupportsIndirectInputEvents = YES;
				INFOPLIST_KEY_UILaunchStoryboardName = LaunchScreen;
				INFOPLIST_KEY_UISupportedInterfaceOrientations = UIInterfaceOrientationPortrait;
				INFOPLIST_KEY_UISupportedInterfaceOrientations_iPad = "UIInterfaceOrientationPortrait UIInterfaceOrientationPortraitUpsideDown UIInterfaceOrientationLandscapeLeft UIInterfaceOrientationLandscapeRight";
				INFOPLIST_KEY_UISupportedInterfaceOrientations_iPhone = "UIInterfaceOrientationPortrait UIInterfaceOrientationLandscapeLeft UIInterfaceOrientationLandscapeRight";
				LD_RUNPATH_SEARCH_PATHS = (
					"$(inherited)",
					"@executable_path/Frameworks",
				);
				MARKETING_VERSION = 1.0;
				PRODUCT_BUNDLE_IDENTIFIER = "com.viktor-original.MusicPlayer";
				PRODUCT_NAME = "$(TARGET_NAME)";
				SWIFT_EMIT_LOC_STRINGS = YES;
				SWIFT_VERSION = 5.0;
				TARGETED_DEVICE_FAMILY = "1,2";
			};
			name = Debug;
		};
		DEA9D64428E6049600D44090 /* Release */ = {
			isa = XCBuildConfiguration;
			buildSettings = {
				ASSETCATALOG_COMPILER_APPICON_NAME = AppIcon;
				ASSETCATALOG_COMPILER_GLOBAL_ACCENT_COLOR_NAME = AccentColor;
				CODE_SIGN_STYLE = Automatic;
				CURRENT_PROJECT_VERSION = 1;
				DEVELOPMENT_TEAM = KX5APJYJLU;
				GENERATE_INFOPLIST_FILE = YES;
				INFOPLIST_FILE = MusicPlayer/Info.plist;
				INFOPLIST_KEY_UIApplicationSupportsIndirectInputEvents = YES;
				INFOPLIST_KEY_UILaunchStoryboardName = LaunchScreen;
				INFOPLIST_KEY_UISupportedInterfaceOrientations = UIInterfaceOrientationPortrait;
				INFOPLIST_KEY_UISupportedInterfaceOrientations_iPad = "UIInterfaceOrientationPortrait UIInterfaceOrientationPortraitUpsideDown UIInterfaceOrientationLandscapeLeft UIInterfaceOrientationLandscapeRight";
				INFOPLIST_KEY_UISupportedInterfaceOrientations_iPhone = "UIInterfaceOrientationPortrait UIInterfaceOrientationLandscapeLeft UIInterfaceOrientationLandscapeRight";
				LD_RUNPATH_SEARCH_PATHS = (
					"$(inherited)",
					"@executable_path/Frameworks",
				);
				MARKETING_VERSION = 1.0;
				PRODUCT_BUNDLE_IDENTIFIER = "com.viktor-original.MusicPlayer";
				PRODUCT_NAME = "$(TARGET_NAME)";
				SWIFT_EMIT_LOC_STRINGS = YES;
				SWIFT_VERSION = 5.0;
				TARGETED_DEVICE_FAMILY = "1,2";
			};
			name = Release;
		};
/* End XCBuildConfiguration section */

/* Begin XCConfigurationList section */
		DEA9D62928E6049200D44090 /* Build configuration list for PBXProject "MusicPlayer" */ = {
			isa = XCConfigurationList;
			buildConfigurations = (
				DEA9D64028E6049600D44090 /* Debug */,
				DEA9D64128E6049600D44090 /* Release */,
			);
			defaultConfigurationIsVisible = 0;
			defaultConfigurationName = Release;
		};
		DEA9D64228E6049600D44090 /* Build configuration list for PBXNativeTarget "MusicPlayer" */ = {
			isa = XCConfigurationList;
			buildConfigurations = (
				DEA9D64328E6049600D44090 /* Debug */,
				DEA9D64428E6049600D44090 /* Release */,
			);
			defaultConfigurationIsVisible = 0;
			defaultConfigurationName = Release;
		};
/* End XCConfigurationList section */
	};
	rootObject = DEA9D62628E6049200D44090 /* Project object */;
}
